
Microsoft Visual Studio Solution File, Format Version 12.00
# Visual Studio Version 17
VisualStudioVersion = 17.2.32526.322
MinimumVisualStudioVersion = 10.0.40219.1
Project("{FAE04EC0-301F-11D3-BF4B-00C04F79EFBC}") = "KyhInterfaceDesignPatterns", "KyhInterfaceDesignPatterns\KyhInterfaceDesignPatterns.csproj", "{0B24A9B9-56BA-4B3D-B824-603AF15FC2E2}"
EndProject
Global
	GlobalSection(SolutionConfigurationPlatforms) = preSolution
		Debug|Any CPU = Debug|Any CPU
		Release|Any CPU = Release|Any CPU
	EndGlobalSection
	GlobalSection(ProjectConfigurationPlatforms) = postSolution
		{0B24A9B9-56BA-4B3D-B824-603AF15FC2E2}.Debug|Any CPU.ActiveCfg = Debug|Any CPU
		{0B24A9B9-56BA-4B3D-B824-603AF15FC2E2}.Debug|Any CPU.Build.0 = Debug|Any CPU
		{0B24A9B9-56BA-4B3D-B824-603AF15FC2E2}.Release|Any CPU.ActiveCfg = Release|Any CPU
		{0B24A9B9-56BA-4B3D-B824-603AF15FC2E2}.Release|Any CPU.Build.0 = Release|Any CPU
	EndGlobalSection
	GlobalSection(SolutionProperties) = preSolution
		HideSolutionNode = FALSE
	EndGlobalSection
	GlobalSection(ExtensibilityGlobals) = postSolution
		SolutionGuid = {45C5CCC6-9623-4C2D-A1CC-C04E0D681D27}
	EndGlobalSection
EndGlobal
